# This file is automatically @generated by Cargo.
# It is not intended for manual editing.
[[package]]
name = "bootsector"
version = "0.1.0"
dependencies = [
 "shared 0.1.0",
 "stage_2 0.1.0",
]

[[package]]
name = "shared"
version = "0.1.0"

[[package]]
name = "stage_2"
version = "0.1.0"
dependencies = [
 "shared 0.1.0",
]

