# This file is automatically @generated by Cargo.
# It is not intended for manual editing.
[[package]]
name = "llvm-tools"
version = "0.1.1"
source = "registry+https://github.com/rust-lang/crates.io-index"
checksum = "955be5d0ca0465caf127165acb47964f911e2bc26073e865deb8be7189302faf"

[[package]]
name = "real_mode"
version = "0.1.0"
dependencies = [
 "llvm-tools",
]
