# This file is automatically @generated by Cargo.
# It is not intended for manual editing.
[[package]]
name = "bit_field"
version = "0.9.0"
source = "registry+https://github.com/rust-lang/crates.io-index"
checksum = "ed8765909f9009617974ab6b7d332625b320b33c326b1e9321382ef1999b5d56"

[[package]]
name = "bitflags"
version = "1.2.1"
source = "registry+https://github.com/rust-lang/crates.io-index"
checksum = "cf1de2fe8c75bc145a2f577add951f8134889b4795d47466a54a5c846d691693"

[[package]]
name = "test-kernel"
version = "0.1.0"
dependencies = [
 "x86_64",
]

[[package]]
name = "x86_64"
version = "0.11.7"
source = "registry+https://github.com/rust-lang/crates.io-index"
checksum = "aa580d2cf2a6a8c55f6283d6d06271b1ccab4d93cb3741edab290d5408d848c4"
dependencies = [
 "bit_field",
 "bitflags",
]
